
Microsoft Visual Studio Solution File, Format Version 12.00
# Visual Studio Version 17
VisualStudioVersion = 17.8.34330.188
MinimumVisualStudioVersion = 10.0.40219.1
Project("{FAE04EC0-301F-11D3-BF4B-00C04F79EFBC}") = "PizzaNavigator.API", "PizzaNavigator.API\PizzaNavigator.API.csproj", "{31A682D1-3236-475D-9FC0-0CD1A0CC6EA2}"
EndProject
Project("{E53339B2-1760-4266-BCC7-CA923CBCF16C}") = "docker-compose", "docker-compose.dcproj", "{2DF8D64C-02D3-4C0A-B3BD-CDBB608E51CD}"
EndProject
Global
	GlobalSection(SolutionConfigurationPlatforms) = preSolution
		Debug|Any CPU = Debug|Any CPU
		Release|Any CPU = Release|Any CPU
	EndGlobalSection
	GlobalSection(ProjectConfigurationPlatforms) = postSolution
		{31A682D1-3236-475D-9FC0-0CD1A0CC6EA2}.Debug|Any CPU.ActiveCfg = Debug|Any CPU
		{31A682D1-3236-475D-9FC0-0CD1A0CC6EA2}.Debug|Any CPU.Build.0 = Debug|Any CPU
		{31A682D1-3236-475D-9FC0-0CD1A0CC6EA2}.Release|Any CPU.ActiveCfg = Release|Any CPU
		{31A682D1-3236-475D-9FC0-0CD1A0CC6EA2}.Release|Any CPU.Build.0 = Release|Any CPU
		{2DF8D64C-02D3-4C0A-B3BD-CDBB608E51CD}.Debug|Any CPU.ActiveCfg = Debug|Any CPU
		{2DF8D64C-02D3-4C0A-B3BD-CDBB608E51CD}.Debug|Any CPU.Build.0 = Debug|Any CPU
		{2DF8D64C-02D3-4C0A-B3BD-CDBB608E51CD}.Release|Any CPU.ActiveCfg = Release|Any CPU
		{2DF8D64C-02D3-4C0A-B3BD-CDBB608E51CD}.Release|Any CPU.Build.0 = Release|Any CPU
	EndGlobalSection
	GlobalSection(SolutionProperties) = preSolution
		HideSolutionNode = FALSE
	EndGlobalSection
	GlobalSection(ExtensibilityGlobals) = postSolution
		SolutionGuid = {36D0D744-E079-400F-9A8F-A4F0475D207E}
	EndGlobalSection
EndGlobal
